
Microsoft Visual Studio Solution File, Format Version 12.00
# Visual Studio 15
VisualStudioVersion = 15.0.28307.757
MinimumVisualStudioVersion = 10.0.40219.1
Project("{FAE04EC0-301F-11D3-BF4B-00C04F79EFBC}") = "HWM.CheckoutApp", "HWM.CheckoutApp\HWM.CheckoutApp.csproj", "{6E9E5669-419C-4F11-9088-4B5EA0E81BA8}"
EndProject
Project("{FAE04EC0-301F-11D3-BF4B-00C04F79EFBC}") = "HWM.CheckoutApp.Repository", "HWM.CheckoutApp.Repository\HWM.CheckoutApp.Repository.csproj", "{7AC66C98-F2C4-443C-BE19-8E1986C44674}"
EndProject
Project("{FAE04EC0-301F-11D3-BF4B-00C04F79EFBC}") = "HWM.CheckoutApp.BusinessService", "HWM.CheckoutApp.BusinessService\HWM.CheckoutApp.BusinessService.csproj", "{45585D0F-0CEE-46B5-B0EF-D3113953F8B8}"
EndProject
Project("{FAE04EC0-301F-11D3-BF4B-00C04F79EFBC}") = "HWM.CheckoutApp.BusinessObjects", "HWM.CheckoutApp.BusinessObjects\HWM.CheckoutApp.BusinessObjects.csproj", "{8A1F3C58-A31B-4C2C-98EA-12AAEF27D578}"
EndProject
Project("{FAE04EC0-301F-11D3-BF4B-00C04F79EFBC}") = "HWM.CheckoutApp.UnitTests", "HWM.CheckoutApp.UnitTests\HWM.CheckoutApp.UnitTests.csproj", "{A2165282-F1F6-48B3-8E50-DD2480D7FFC8}"
EndProject
Global
	GlobalSection(SolutionConfigurationPlatforms) = preSolution
		Debug|Any CPU = Debug|Any CPU
		Release|Any CPU = Release|Any CPU
	EndGlobalSection
	GlobalSection(ProjectConfigurationPlatforms) = postSolution
		{6E9E5669-419C-4F11-9088-4B5EA0E81BA8}.Debug|Any CPU.ActiveCfg = Debug|Any CPU
		{6E9E5669-419C-4F11-9088-4B5EA0E81BA8}.Debug|Any CPU.Build.0 = Debug|Any CPU
		{6E9E5669-419C-4F11-9088-4B5EA0E81BA8}.Release|Any CPU.ActiveCfg = Release|Any CPU
		{6E9E5669-419C-4F11-9088-4B5EA0E81BA8}.Release|Any CPU.Build.0 = Release|Any CPU
		{7AC66C98-F2C4-443C-BE19-8E1986C44674}.Debug|Any CPU.ActiveCfg = Debug|Any CPU
		{7AC66C98-F2C4-443C-BE19-8E1986C44674}.Debug|Any CPU.Build.0 = Debug|Any CPU
		{7AC66C98-F2C4-443C-BE19-8E1986C44674}.Release|Any CPU.ActiveCfg = Release|Any CPU
		{7AC66C98-F2C4-443C-BE19-8E1986C44674}.Release|Any CPU.Build.0 = Release|Any CPU
		{45585D0F-0CEE-46B5-B0EF-D3113953F8B8}.Debug|Any CPU.ActiveCfg = Debug|Any CPU
		{45585D0F-0CEE-46B5-B0EF-D3113953F8B8}.Debug|Any CPU.Build.0 = Debug|Any CPU
		{45585D0F-0CEE-46B5-B0EF-D3113953F8B8}.Release|Any CPU.ActiveCfg = Release|Any CPU
		{45585D0F-0CEE-46B5-B0EF-D3113953F8B8}.Release|Any CPU.Build.0 = Release|Any CPU
		{8A1F3C58-A31B-4C2C-98EA-12AAEF27D578}.Debug|Any CPU.ActiveCfg = Debug|Any CPU
		{8A1F3C58-A31B-4C2C-98EA-12AAEF27D578}.Debug|Any CPU.Build.0 = Debug|Any CPU
		{8A1F3C58-A31B-4C2C-98EA-12AAEF27D578}.Release|Any CPU.ActiveCfg = Release|Any CPU
		{8A1F3C58-A31B-4C2C-98EA-12AAEF27D578}.Release|Any CPU.Build.0 = Release|Any CPU
		{A2165282-F1F6-48B3-8E50-DD2480D7FFC8}.Debug|Any CPU.ActiveCfg = Debug|Any CPU
		{A2165282-F1F6-48B3-8E50-DD2480D7FFC8}.Debug|Any CPU.Build.0 = Debug|Any CPU
		{A2165282-F1F6-48B3-8E50-DD2480D7FFC8}.Release|Any CPU.ActiveCfg = Release|Any CPU
		{A2165282-F1F6-48B3-8E50-DD2480D7FFC8}.Release|Any CPU.Build.0 = Release|Any CPU
	EndGlobalSection
	GlobalSection(SolutionProperties) = preSolution
		HideSolutionNode = FALSE
	EndGlobalSection
	GlobalSection(ExtensibilityGlobals) = postSolution
		SolutionGuid = {32591CA3-A4BB-4DF6-90B1-DA0185C72950}
	EndGlobalSection
EndGlobal
